
Microsoft Visual Studio Solution File, Format Version 12.00
# Visual Studio Version 16
VisualStudioVersion = 16.0.29609.76
MinimumVisualStudioVersion = 10.0.40219.1
Project("{FAE04EC0-301F-11D3-BF4B-00C04F79EFBC}") = "JRPGTest", "JRPGTest\JRPGTest.csproj", "{7A60920A-D74D-4F56-9165-B69C62573CA2}"
EndProject
Global
	GlobalSection(SolutionConfigurationPlatforms) = preSolution
		Debug|Any CPU = Debug|Any CPU
		Release|Any CPU = Release|Any CPU
	EndGlobalSection
	GlobalSection(ProjectConfigurationPlatforms) = postSolution
		{7A60920A-D74D-4F56-9165-B69C62573CA2}.Debug|Any CPU.ActiveCfg = Debug|Any CPU
		{7A60920A-D74D-4F56-9165-B69C62573CA2}.Debug|Any CPU.Build.0 = Debug|Any CPU
		{7A60920A-D74D-4F56-9165-B69C62573CA2}.Release|Any CPU.ActiveCfg = Release|Any CPU
		{7A60920A-D74D-4F56-9165-B69C62573CA2}.Release|Any CPU.Build.0 = Release|Any CPU
	EndGlobalSection
	GlobalSection(SolutionProperties) = preSolution
		HideSolutionNode = FALSE
	EndGlobalSection
	GlobalSection(ExtensibilityGlobals) = postSolution
		SolutionGuid = {BBBF8A22-5EFD-43A0-A63E-943C3E5E3978}
	EndGlobalSection
EndGlobal
